
Microsoft Visual Studio Solution File, Format Version 12.00
# Visual Studio 2013
VisualStudioVersion = 12.0.31101.0
MinimumVisualStudioVersion = 10.0.40219.1
Project("{FAE04EC0-301F-11D3-BF4B-00C04F79EFBC}") = "ExchangeRates", "ExchangeRates\ExchangeRates.csproj", "{A242D25F-C3D4-41AC-9E73-B34307B1BFD1}"
EndProject
Project("{FAE04EC0-301F-11D3-BF4B-00C04F79EFBC}") = "ParseSite", "ParseSite\ParseSite.csproj", "{F72126FE-BD64-4867-B761-F2265E26C19B}"
EndProject
Project("{E24C65DC-7377-472B-9ABA-BC803B73C61A}") = "ftp://web-service.somee.com", "ftp://web-service.somee.com", "{E8DE9FBF-BBE4-48D0-AB17-751416046608}"
	ProjectSection(WebsiteProperties) = preProject
		TargetFrameworkMoniker = ".NETFramework,Version%3Dv4.0"
		Debug.AspNetCompiler.VirtualPath = "/web-service.somee.com"
		Debug.AspNetCompiler.PhysicalPath = "..\..\AppData\Local\Temp\VWDWebCache\ftp_web-service.somee.com_dude_just_dude\"
		Debug.AspNetCompiler.TargetPath = "PrecompiledWeb\web-service.somee.com\"
		Debug.AspNetCompiler.Updateable = "true"
		Debug.AspNetCompiler.ForceOverwrite = "true"
		Debug.AspNetCompiler.FixedNames = "false"
		Debug.AspNetCompiler.Debug = "True"
		Release.AspNetCompiler.VirtualPath = "/web-service.somee.com"
		Release.AspNetCompiler.PhysicalPath = "..\..\AppData\Local\Temp\VWDWebCache\ftp_web-service.somee.com_dude_just_dude\"
		Release.AspNetCompiler.TargetPath = "PrecompiledWeb\web-service.somee.com\"
		Release.AspNetCompiler.Updateable = "true"
		Release.AspNetCompiler.ForceOverwrite = "true"
		Release.AspNetCompiler.FixedNames = "false"
		Release.AspNetCompiler.Debug = "False"
		DefaultWebSiteLanguage = "Visual Basic"
	EndProjectSection
EndProject
Project("{FAE04EC0-301F-11D3-BF4B-00C04F79EFBC}") = "WebApplication1", "WebApplication1\WebApplication1.csproj", "{4048F49F-F7CD-4451-AB48-4DC65592D4F0}"
EndProject
Global
	GlobalSection(SolutionConfigurationPlatforms) = preSolution
		Debug|Any CPU = Debug|Any CPU
		Debug|x86 = Debug|x86
		Release|Any CPU = Release|Any CPU
		Release|x86 = Release|x86
	EndGlobalSection
	GlobalSection(ProjectConfigurationPlatforms) = postSolution
		{A242D25F-C3D4-41AC-9E73-B34307B1BFD1}.Debug|Any CPU.ActiveCfg = Debug|Any CPU
		{A242D25F-C3D4-41AC-9E73-B34307B1BFD1}.Debug|Any CPU.Build.0 = Debug|Any CPU
		{A242D25F-C3D4-41AC-9E73-B34307B1BFD1}.Debug|x86.ActiveCfg = Debug|x86
		{A242D25F-C3D4-41AC-9E73-B34307B1BFD1}.Debug|x86.Build.0 = Debug|x86
		{A242D25F-C3D4-41AC-9E73-B34307B1BFD1}.Release|Any CPU.ActiveCfg = Release|Any CPU
		{A242D25F-C3D4-41AC-9E73-B34307B1BFD1}.Release|Any CPU.Build.0 = Release|Any CPU
		{A242D25F-C3D4-41AC-9E73-B34307B1BFD1}.Release|x86.ActiveCfg = Release|x86
		{A242D25F-C3D4-41AC-9E73-B34307B1BFD1}.Release|x86.Build.0 = Release|x86
		{F72126FE-BD64-4867-B761-F2265E26C19B}.Debug|Any CPU.ActiveCfg = Debug|Any CPU
		{F72126FE-BD64-4867-B761-F2265E26C19B}.Debug|Any CPU.Build.0 = Debug|Any CPU
		{F72126FE-BD64-4867-B761-F2265E26C19B}.Debug|x86.ActiveCfg = Debug|Any CPU
		{F72126FE-BD64-4867-B761-F2265E26C19B}.Release|Any CPU.ActiveCfg = Release|Any CPU
		{F72126FE-BD64-4867-B761-F2265E26C19B}.Release|Any CPU.Build.0 = Release|Any CPU
		{F72126FE-BD64-4867-B761-F2265E26C19B}.Release|x86.ActiveCfg = Release|Any CPU
		{E8DE9FBF-BBE4-48D0-AB17-751416046608}.Debug|Any CPU.ActiveCfg = Debug|Any CPU
		{E8DE9FBF-BBE4-48D0-AB17-751416046608}.Debug|Any CPU.Build.0 = Debug|Any CPU
		{E8DE9FBF-BBE4-48D0-AB17-751416046608}.Debug|x86.ActiveCfg = Debug|Any CPU
		{E8DE9FBF-BBE4-48D0-AB17-751416046608}.Release|Any CPU.ActiveCfg = Debug|Any CPU
		{E8DE9FBF-BBE4-48D0-AB17-751416046608}.Release|Any CPU.Build.0 = Debug|Any CPU
		{E8DE9FBF-BBE4-48D0-AB17-751416046608}.Release|x86.ActiveCfg = Debug|Any CPU
		{4048F49F-F7CD-4451-AB48-4DC65592D4F0}.Debug|Any CPU.ActiveCfg = Debug|Any CPU
		{4048F49F-F7CD-4451-AB48-4DC65592D4F0}.Debug|Any CPU.Build.0 = Debug|Any CPU
		{4048F49F-F7CD-4451-AB48-4DC65592D4F0}.Debug|x86.ActiveCfg = Debug|Any CPU
		{4048F49F-F7CD-4451-AB48-4DC65592D4F0}.Release|Any CPU.ActiveCfg = Release|Any CPU
		{4048F49F-F7CD-4451-AB48-4DC65592D4F0}.Release|Any CPU.Build.0 = Release|Any CPU
		{4048F49F-F7CD-4451-AB48-4DC65592D4F0}.Release|x86.ActiveCfg = Release|Any CPU
	EndGlobalSection
	GlobalSection(SolutionProperties) = preSolution
		HideSolutionNode = FALSE
	EndGlobalSection
EndGlobal
